
Microsoft Visual Studio Solution File, Format Version 12.00
# Visual Studio Version 17
VisualStudioVersion = 17.3.32804.467
MinimumVisualStudioVersion = 10.0.40219.1
Project("{FAE04EC0-301F-11D3-BF4B-00C04F79EFBC}") = "AddressBook", "AddressBook\AddressBook.csproj", "{667DD7A3-2D3E-4C89-B60A-9C13C718E067}"
EndProject
Global
	GlobalSection(SolutionConfigurationPlatforms) = preSolution
		Debug|Any CPU = Debug|Any CPU
		Release|Any CPU = Release|Any CPU
	EndGlobalSection
	GlobalSection(ProjectConfigurationPlatforms) = postSolution
		{667DD7A3-2D3E-4C89-B60A-9C13C718E067}.Debug|Any CPU.ActiveCfg = Debug|Any CPU
		{667DD7A3-2D3E-4C89-B60A-9C13C718E067}.Debug|Any CPU.Build.0 = Debug|Any CPU
		{667DD7A3-2D3E-4C89-B60A-9C13C718E067}.Release|Any CPU.ActiveCfg = Release|Any CPU
		{667DD7A3-2D3E-4C89-B60A-9C13C718E067}.Release|Any CPU.Build.0 = Release|Any CPU
	EndGlobalSection
	GlobalSection(SolutionProperties) = preSolution
		HideSolutionNode = FALSE
	EndGlobalSection
	GlobalSection(ExtensibilityGlobals) = postSolution
		SolutionGuid = {0D635588-FB25-4C7C-9C17-FA4781678D91}
	EndGlobalSection
EndGlobal
